github.com/aws/aws-sdk-go-v2 v1.17.3 h1:shN7NlnVzvDUgPQ+1rLMSxY8OWRNDRYtiqe0p/PgrhY=
github.com/aws/aws-sdk-go-v2 v1.17.3/go.mod h1:uzbQtefpm44goOPmdKyAlXSNcwlRgF3ePWVW6EtJvvw=
github.com/aws/aws-sdk-go-v2 v1.17.4 h1:wyC6p9Yfq6V2y98wfDsj6OnNQa4w2BLGCLIxzNhwOGY=
github.com/aws/aws-sdk-go-v2 v1.17.4/go.mod h1:uzbQtefpm44goOPmdKyAlXSNcwlRgF3ePWVW6EtJvvw=
github.com/aws/aws-sdk-go-v2 v1.17.5 h1:TzCUW1Nq4H8Xscph5M/skINUitxM5UBAyvm2s7XBzL4=
github.com/aws/aws-sdk-go-v2 v1.17.5/go.mod h1:uzbQtefpm44goOPmdKyAlXSNcwlRgF3ePWVW6EtJvvw=
github.com/aws/aws-sdk-go-v2 v1.17.6 h1:Y773UK7OBqhzi5VDXMi1zVGsoj+CVHs2eaC2bDsLwi0=
github.com/aws/aws-sdk-go-v2 v1.17.6/go.mod h1:uzbQtefpm44goOPmdKyAlXSNcwlRgF3ePWVW6EtJvvw=
github.com/aws/aws-sdk-go-v2 v1.17.7 h1:CLSjnhJSTSogvqUGhIC6LqFKATMRexcxLZ0i/Nzk9Eg=
github.com/aws/aws-sdk-go-v2 v1.17.7/go.mod h1:uzbQtefpm44goOPmdKyAlXSNcwlRgF3ePWVW6EtJvvw=
github.com/aws/aws-sdk-go-v2 v1.17.8 h1:GMupCNNI7FARX27L7GjCJM8NgivWbRgpjNI/hOQjFS8=
github.com/aws/aws-sdk-go-v2 v1.17.8/go.mod h1:uzbQtefpm44goOPmdKyAlXSNcwlRgF3ePWVW6EtJvvw=
github.com/aws/aws-sdk-go-v2 v1.18.0 h1:882kkTpSFhdgYRKVZ/VCgf7sd0ru57p2JCxz4/oN5RY=
github.com/aws/aws-sdk-go-v2 v1.18.0/go.mod h1:uzbQtefpm44goOPmdKyAlXSNcwlRgF3ePWVW6EtJvvw=
github.com/aws/aws-sdk-go-v2 v1.18.1 h1:+tefE750oAb7ZQGzla6bLkOwfcQCEtC5y2RqoqCeqKo=
github.com/aws/aws-sdk-go-v2 v1.18.1/go.mod h1:uzbQtefpm44goOPmdKyAlXSNcwlRgF3ePWVW6EtJvvw=
github.com/aws/aws-sdk-go-v2 v1.19.0 h1:klAT+y3pGFBU/qVf1uzwttpBbiuozJYWzNLHioyDJ+k=
github.com/aws/aws-sdk-go-v2 v1.19.0/go.mod h1:uzbQtefpm44goOPmdKyAlXSNcwlRgF3ePWVW6EtJvvw=
github.com/aws/aws-sdk-go-v2 v1.19.1 h1:STs0lbbpXu3byTPcnRLghs2DH0yk9qKDo27TyyJSKsM=
github.com/aws/aws-sdk-go-v2 v1.19.1/go.mod h1:uzbQtefpm44goOPmdKyAlXSNcwlRgF3ePWVW6EtJvvw=
github.com/aws/aws-sdk-go-v2 v1.20.0 h1:INUDpYLt4oiPOJl0XwZDK2OVAVf0Rzo+MGVTv9f+gy8=
github.com/aws/aws-sdk-go-v2 v1.20.0/go.mod h1:uWOr0m0jDsiWw8nnXiqZ+YG6LdvAlGYDLLf2NmHZoy4=
github.com/aws/aws-sdk-go-v2 v1.20.1 h1:rZBf5DWr7YGrnlTK4kgDQGn1ltqOg5orCYb/UhOFZkg=
github.com/aws/aws-sdk-go-v2 v1.20.1/go.mod h1:NU06lETsFm8fUC6ZjhgDpVBcGZTFQ6XM+LZWZxMI4ac=
github.com/aws/aws-sdk-go-v2 v1.20.2 h1:0Aok9u/HVTk7RtY6M1KDcthbaMKGhhS0eLPxIdSIzRI=
github.com/aws/aws-sdk-go-v2 v1.20.2/go.mod h1:NU06lETsFm8fUC6ZjhgDpVBcGZTFQ6XM+LZWZxMI4ac=
github.com/aws/aws-sdk-go-v2 v1.20.3 h1:lgeKmAZhlj1JqN43bogrM75spIvYnRxqTAh1iupu1yE=
github.com/aws/aws-sdk-go-v2 v1.20.3/go.mod h1:/RfNgGmRxI+iFOB1OeJUyxiU+9s88k3pfHvDagGEp0M=
github.com/aws/aws-sdk-go-v2 v1.21.0 h1:gMT0IW+03wtYJhRqTVYn0wLzwdnK9sRMcxmtfGzRdJc=
github.com/aws/aws-sdk-go-v2 v1.21.0/go.mod h1:/RfNgGmRxI+iFOB1OeJUyxiU+9s88k3pfHvDagGEp0M=
github.com/aws/aws-sdk-go-v2/config v1.18.11 h1:7dJD4p90OyKYIihuwe/LbHfP7uw4yVm5P1hel+b8UZ8=
github.com/aws/aws-sdk-go-v2/config v1.18.11/go.mod h1:FTGKr2F7QL7IAg22dUmEB5NWpLPAOuhrONzXe7TVhAI=
github.com/aws/aws-sdk-go-v2/config v1.18.12 h1:fKs/I4wccmfrNRO9rdrbMO1NgLxct6H9rNMiPdBxHWw=
github.com/aws/aws-sdk-go-v2/config v1.18.12/go.mod h1:J36fOhj1LQBr+O4hJCiT8FwVvieeoSGOtPuvhKlsNu8=
github.com/aws/aws-sdk-go-v2/config v1.18.13 h1:v0xlYqbO6/EVlM8tUn2QEOA7btQxcgidEq2JRDBPTho=
github.com/aws/aws-sdk-go-v2/config v1.18.13/go.mod h1:r39wGSZB7wPDW1i54JyQXUpc5KsWjh5z/3S5D9eCqDg=
github.com/aws/aws-sdk-go-v2/config v1.18.14 h1:rI47jCe0EzuJlAO5ptREe3LIBAyP5c7gR3wjyYVjuOM=
github.com/aws/aws-sdk-go-v2/config v1.18.14/go.mod h1:0pI6JQBHKwd0JnwAZS3VCapLKMO++UL2BOkWwyyzTnA=
github.com/aws/aws-sdk-go-v2/config v1.18.15 h1:509yMO0pJUGUugBP2H9FOFyV+7Mz7sRR+snfDN5W4NY=
github.com/aws/aws-sdk-go-v2/config v1.18.15/go.mod h1:vS0tddZqpE8cD9CyW0/kITHF5Bq2QasW9Y1DFHD//O0=
github.com/aws/aws-sdk-go-v2/config v1.18.16 h1:4r7gsCu8Ekwl5iJGE/GmspA2UifqySCCkyyyPFeWs3w=
github.com/aws/aws-sdk-go-v2/config v1.18.16/go.mod h1:XjM6lVbq7UgELp9NjXBrb1DQY/ownlWsvDhEQksemJc=
github.com/aws/aws-sdk-go-v2/config v1.18.17 h1:jwTkhULSrbr/SQA8tfdYqZxpG8YsRycmIXxJcbrqY5E=
github.com/aws/aws-sdk-go-v2/config v1.18.17/go.mod h1:Lj3E7XcxJnxMa+AYo89YiL68s1cFJRGduChynYU67VA=
github.com/aws/aws-sdk-go-v2/config v1.18.18 h1:/ePABXvXl3ESlzUGnkkvvNnRFw3Gh13dyqaq0Qo3JcU=
github.com/aws/aws-sdk-go-v2/config v1.18.18/go.mod h1:Lj3E7XcxJnxMa+AYo89YiL68s1cFJRGduChynYU67VA=
github.com/aws/aws-sdk-go-v2/config v1.18.19 h1:AqFK6zFNtq4i1EYu+eC7lcKHYnZagMn6SW171la0bGw=
github.com/aws/aws-sdk-go-v2/config v1.18.19/go.mod h1:XvTmGMY8d52ougvakOv1RpiTLPz9dlG/OQHsKU/cMmY=
github.com/aws/aws-sdk-go-v2/config v1.18.20 h1:yYy+onqmLmDVZtx0mkqbx8aJPl+58V6ivLbLDZ2Qztc=
github.com/aws/aws-sdk-go-v2/config v1.18.20/go.mod h1:RWjF39RiDevmHw/+VaD8F0A36OPIPTHQQyRx0eZohnw=
github.com/aws/aws-sdk-go-v2/config v1.18.21 h1:ENTXWKwE8b9YXgQCsruGLhvA9bhg+RqAsL9XEMEsa2c=
github.com/aws/aws-sdk-go-v2/config v1.18.21/go.mod h1:+jPQiVPz1diRnjj6VGqWcLK6EzNmQ42l7J3OqGTLsSY=
github.com/aws/aws-sdk-go-v2/config v1.18.25 h1:JuYyZcnMPBiFqn87L2cRppo+rNwgah6YwD3VuyvaW6Q=
github.com/aws/aws-sdk-go-v2/config v1.18.25/go.mod h1:dZnYpD5wTW/dQF0rRNLVypB396zWCcPiBIvdvSWHEg4=
github.com/aws/aws-sdk-go-v2/config v1.18.26 h1:ivCHcSmKd1+9rBlqVsxZHB35eCW88KWbMdG2VL3BuBw=
github.com/aws/aws-sdk-go-v2/config v1.18.26/go.mod h1:NVmd//z/PNl7U+ZU2EnuffxOA060JWzgbH3BnqQrUoY=
github.com/aws/aws-sdk-go-v2/config v1.18.27 h1:Az9uLwmssTE6OGTpsFqOnaGpLnKDqNYOJzWuC6UAYzA=
github.com/aws/aws-sdk-go-v2/config v1.18.27/go.mod h1:0My+YgmkGxeqjXZb5BYme5pc4drjTnM+x1GJ3zv42Nw=
github.com/aws/aws-sdk-go-v2/config v1.18.28 h1:TINEaKyh1Td64tqFvn09iYpKiWjmHYrG1fa91q2gnqw=
github.com/aws/aws-sdk-go-v2/config v1.18.28/go.mod h1:nIL+4/8JdAuNHEjn/gPEXqtnS02Q3NXB/9Z7o5xE4+A=
github.com/aws/aws-sdk-go-v2/config v1.18.29 h1:yA+bSSRGhBwWuprG9I4VgxfK//NBLZ/0BGOHiV3f9oM=
github.com/aws/aws-sdk-go-v2/config v1.18.29/go.mod h1:bJT6P8A+KU1qvNMp8aj+/NmaI06Z670dHNoWsrLOgMg=
github.com/aws/aws-sdk-go-v2/config v1.18.30 h1:TTAXQIn31qYFUQjkW6siVrRTX1ux+sADZDOe3jsZcMg=
github.com/aws/aws-sdk-go-v2/config v1.18.30/go.mod h1:+YogjT7e/t9JVu/sOnZZgxTge1G+bPNk8zOaI0QIQvE=
github.com/aws/aws-sdk-go-v2/config v1.18.31 h1:CcacHsJjsPtHpe1MaopwPddUErmLnl+X77+7n4G2KkY=
github.com/aws/aws-sdk-go-v2/config v1.18.31/go.mod h1:pnSeuahFFvtScCHy0INXLxJ4N8H7KncD5u6A48bx3/8=
github.com/aws/aws-sdk-go-v2/config v1.18.32 h1:tqEOvkbTxwEV7hToRcJ1xZRjcATqwDVsWbAscgRKyNI=
github.com/aws/aws-sdk-go-v2/config v1.18.32/go.mod h1:U3ZF0fQRRA4gnbn9GGvOWLoT2EzzZfAWeKwnVrm1rDc=
github.com/aws/aws-sdk-go-v2/config v1.18.33 h1:JKcw5SFxFW/rpM4mOPjv0VQ11E2kxW13F3exWOy7VZU=
github.com/aws/aws-sdk-go-v2/config v1.18.33/go.mod h1:hXO/l9pgY3K5oZJldamP0pbZHdPqqk+4/maa7DSD3cA=
github.com/aws/aws-sdk-go-v2/config v1.18.34 h1:bFf7CtSgwz/vE4tl0cNbWbf6EDQ2TZR5VrsrO9ardoY=
github.com/aws/aws-sdk-go-v2/config v1.18.34/go.mod h1:uJ/keVhwR8vsSaErMu2Vb3dArUZZKLVTcOsKXIFfvjs=
github.com/aws/aws-sdk-go-v2/config v1.18.35 h1:uU9rgCzrW/pVRUUlRULiwKQe8RoEDst1NQu4Qo8kOtk=
github.com/aws/aws-sdk-go-v2/config v1.18.35/go.mod h1:7xF1yr9GBMfYRQI4PLHO8iceqKLM6DpGVEvXI38HB/A=
github.com/aws/aws-sdk-go-v2/config v1.18.36 h1:mLNA12PWU1Y+ueOO79QgQfKIPhc1MYKl44RmvASkJ7Q=
github.com/aws/aws-sdk-go-v2/config v1.18.36/go.mod h1:8AnEFxW9/XGKCbjYDCJy7iltVNyEI9Iu9qC21UzhhgQ=
github.com/aws/aws-sdk-go-v2/config v1.18.37 h1:RNAfbPqw1CstCooHaTPhScz7z1PyocQj0UL+l95CgzI=
github.com/aws/aws-sdk-go-v2/config v1.18.37/go.mod h1:8AnEFxW9/XGKCbjYDCJy7iltVNyEI9Iu9qC21UzhhgQ=
github.com/aws/aws-sdk-go-v2/config v1.18.38 h1:CByQCELMgm2tM1lAehx3XNg0R/pfeXsYzqn0Aq2chJQ=
github.com/aws/aws-sdk-go-v2/config v1.18.38/go.mod h1:vNm9Hf5VgG2fSUWhT3zFrqN/RosGcabFMYgiSoxKFU8=
github.com/aws/aws-sdk-go-v2/config v1.18.39 h1:oPVyh6fuu/u4OiW4qcuQyEtk7U7uuNBmHmJSLg1AJsQ=
github.com/aws/aws-sdk-go-v2/config v1.18.39/go.mod h1:+NH/ZigdPckFpgB1TRcRuWCB/Kbbvkxc/iNAKTq5RhE=
github.com/aws/aws-sdk-go-v2/config v1.18.40 h1:dbu1llI/nTIL+r6sYHMeVLl99DM8J8/o1I4EPurnhLg=
github.com/aws/aws-sdk-go-v2/config v1.18.40/go.mod h1:JjrCZQwSPGCoZRQzKHyZNNueaKO+kFaEy2sR6mCzd90=
github.com/aws/aws-sdk-go-v2/config v1.18.41 h1:Go7z97YDsBJVNAaL7pDPKB6LeHEsAkHmFe+CeK30fUQ=
github.com/aws/aws-sdk-go-v2/config v1.18.41/go.mod h1:+yR45+A0LIMKT8bWOKo90Hy9rSrovEmEKoPKLmmVec8=
github.com/aws/aws-sdk-go-v2/config v1.18.42 h1:28jHROB27xZwU0CB88giDSjz7M1Sba3olb5JBGwina8=
github.com/aws/aws-sdk-go-v2/config v1.18.42/go.mod h1:4AZM3nMMxwlG+eZlxvBKqwVbkDLlnN2a4UGTL6HjaZI=
github.com/aws/aws-sdk-go-v2/credentials v1.13.11 h1:QnvlTut1XXKkX4aaM1Ydo5X0CHriv0jmLu8PTVQQJJo=
github.com/aws/aws-sdk-go-v2/credentials v1.13.11/go.mod h1:tqAm4JmQaShel+Qi38hmd1QglSnnxaYt50k/9yGQzzc=
github.com/aws/aws-sdk-go-v2/credentials v1.13.12 h1:Cb+HhuEnV19zHRaYYVglwvdHGMJWbdsyP4oHhw04xws=
github.com/aws/aws-sdk-go-v2/credentials v1.13.12/go.mod h1:37HG2MBroXK3jXfxVGtbM2J48ra2+Ltu+tmwr/jO0KA=
github.com/aws/aws-sdk-go-v2/credentials v1.13.13 h1:zw1KAc1kl00NYd3ofVmFrb09qnYlSQMeh+fmlQRAihI=
github.com/aws/aws-sdk-go-v2/credentials v1.13.13/go.mod h1:DW9nbIIF9MrIja0cBQrUpeWYQMSlNmP8fevLUyF9W38=
github.com/aws/aws-sdk-go-v2/credentials v1.13.14 h1:jE34fUepssrhmYpvPpdbd+d39PHpuignDpNPNJguP60=
github.com/aws/aws-sdk-go-v2/credentials v1.13.14/go.mod h1:85ckagDuzdIOnZRwws1eLKnymJs3ZM1QwVC1XcuNGOY=
github.com/aws/aws-sdk-go-v2/credentials v1.13.15 h1:0rZQIi6deJFjOEgHI9HI2eZcLPPEGQPictX66oRFLL8=
github.com/aws/aws-sdk-go-v2/credentials v1.13.15/go.mod h1:vRMLMD3/rXU+o6j2MW5YefrGMBmdTvkLLGqFwMLBHQc=
github.com/aws/aws-sdk-go-v2/credentials v1.13.16 h1:GgToSxaENX/1zXIGNFfiVk4hxryYJ5Vt4Mh8XLAL7Lc=
github.com/aws/aws-sdk-go-v2/credentials v1.13.16/go.mod h1:KP7aFJhfwPFgx9aoVYL2nYHjya5WBD98CWaadpgmnpY=
github.com/aws/aws-sdk-go-v2/credentials v1.13.17 h1:IubQO/RNeIVKF5Jy77w/LfUvmmCxTnk2TP1UZZIMiF4=
github.com/aws/aws-sdk-go-v2/credentials v1.13.17/go.mod h1:K9xeFo1g/YPMguMUD69YpwB4Nyi6W/5wn706xIInJFg=
github.com/aws/aws-sdk-go-v2/credentials v1.13.18 h1:EQMdtHwz0ILTW1hoP+EwuWhwCG1hD6l3+RWFQABET4c=
github.com/aws/aws-sdk-go-v2/credentials v1.13.18/go.mod h1:vnwlwjIe+3XJPBYKu1et30ZPABG3VaXJYr8ryohpIyM=
github.com/aws/aws-sdk-go-v2/credentials v1.13.19 h1:FWHJy9uggyQCSEhovtl/6W6rW9P6DSr62GUeY/TS6Eo=
github.com/aws/aws-sdk-go-v2/credentials v1.13.19/go.mod h1:2m4uvLvl5hvQezVkLeBBUGMEDm5GcUNc3016W6d3NGg=
github.com/aws/aws-sdk-go-v2/credentials v1.13.20 h1:oZCEFcrMppP/CNiS8myzv9JgOzq2s0d3v3MXYil/mxQ=
github.com/aws/aws-sdk-go-v2/credentials v1.13.20/go.mod h1:xtZnXErtbZ8YGXC3+8WfajpMBn5Ga/3ojZdxHq6iI8o=
github.com/aws/aws-sdk-go-v2/credentials v1.13.24 h1:PjiYyls3QdCrzqUN35jMWtUK1vqVZ+zLfdOa/UPFDp0=
github.com/aws/aws-sdk-go-v2/credentials v1.13.24/go.mod h1:jYPYi99wUOPIFi0rhiOvXeSEReVOzBqFNOX5bXYoG2o=
github.com/aws/aws-sdk-go-v2/credentials v1.13.25 h1:5wROoMcUC7nAE66e0b3IIht6Tos76M4HC+GQw8MeqxU=
github.com/aws/aws-sdk-go-v2/credentials v1.13.25/go.mod h1:W9I2660WXSwZQ23mM1Ks72+UGeyirIxuU7/KzN7daeA=
github.com/aws/aws-sdk-go-v2/credentials v1.13.26 h1:qmU+yhKmOCyujmuPY7tf5MxR/RKyZrOPO3V4DobiTUk=
github.com/aws/aws-sdk-go-v2/credentials v1.13.26/go.mod h1:GoXt2YC8jHUBbA4jr+W3JiemnIbkXOfxSXcisUsZ3os=
github.com/aws/aws-sdk-go-v2/credentials v1.13.27 h1:dz0yr/yR1jweAnsCx+BmjerUILVPQ6FS5AwF/OyG1kA=
github.com/aws/aws-sdk-go-v2/credentials v1.13.27/go.mod h1:syOqAek45ZXZp29HlnRS/BNgMIW6uiRmeuQsz4Qh2UE=
github.com/aws/aws-sdk-go-v2/credentials v1.13.28 h1:WM9tEHgoOh5ThJZ042UKnSx7TXGSC/bz63X3fsrQL2o=
github.com/aws/aws-sdk-go-v2/credentials v1.13.28/go.mod h1:86BSbSeamnVVdr1hPfBZVN8SXM7KxSAZAvhNxVfi8fU=
github.com/aws/aws-sdk-go-v2/credentials v1.13.29 h1:KNgCpThGuZyCjq9EuuqoLDenKKMwO/x1Xx01ckDa7VI=
github.com/aws/aws-sdk-go-v2/credentials v1.13.29/go.mod h1:VMq1LcmSEa9qxBlOCYTjVuGJWEEzhGmgL552jQsmhss=
github.com/aws/aws-sdk-go-v2/credentials v1.13.30 h1:4pt4sI4OwXrrWUGuGr5NEb2g+4IBUB/I2BVj0t2Ak7Q=
github.com/aws/aws-sdk-go-v2/credentials v1.13.30/go.mod h1:Scpo/dGUdxAtRKsNCaXMXONnl3gvvugbXVldy5Fz2DQ=
github.com/aws/aws-sdk-go-v2/credentials v1.13.31 h1:vJyON3lG7R8VOErpJJBclBADiWTwzcwdkQpTKx8D2sk=
github.com/aws/aws-sdk-go-v2/credentials v1.13.31/go.mod h1:T4sESjBtY2lNxLgkIASmeP57b5j7hTQqCbqG0tWnxC4=
github.com/aws/aws-sdk-go-v2/credentials v1.13.32 h1:lIH1eKPcCY1ylR4B6PkBGRWMHO3aVenOKJHWiS4/G2w=
github.com/aws/aws-sdk-go-v2/credentials v1.13.32/go.mod h1:lL8U3v/Y79YRG69WlAho0OHIKUXCyFvSXaIvfo81sls=
github.com/aws/aws-sdk-go-v2/credentials v1.13.33 h1:esA1X5Eti1xSGCF0W0LYpHH/r6p+MqT0DiKXsfDEPxs=
github.com/aws/aws-sdk-go-v2/credentials v1.13.33/go.mod h1:jNC10ZEYuLlt9IOowix60yNiO6vGA14RVK3oUfX5KgI=
github.com/aws/aws-sdk-go-v2/credentials v1.13.34 h1:/EYG4lzayDd5PY6HQQ2Qyj/cD6CR3kz96BjTZAO5tNo=
github.com/aws/aws-sdk-go-v2/credentials v1.13.34/go.mod h1:+wgdxCGNulHme6kTMZuDL9KOagLPloemoYkfjpQkSEU=
github.com/aws/aws-sdk-go-v2/credentials v1.13.35 h1:QpsNitYJu0GgvMBLUIYu9H4yryA5kMksjeIVQfgXrt8=
github.com/aws/aws-sdk-go-v2/credentials v1.13.35/go.mod h1:o7rCaLtvK0hUggAGclf76mNGGkaG5a9KWlp+d9IpcV8=
github.com/aws/aws-sdk-go-v2/credentials v1.13.36 h1:ps0cPswZjpsOk6sLwG6fdXTzrYjCplgPEyG3OUbbdqE=
github.com/aws/aws-sdk-go-v2/credentials v1.13.36/go.mod h1:sY2phUzxbygoyDtTXhqi7GjGjCQ1S5a5Rj8u3ksBxCg=
github.com/aws/aws-sdk-go-v2/credentials v1.13.37 h1:BvEdm09+ZEh2XtN+PVHPcYwKY3wIeB6pw7vPRM4M9/U=
github.com/aws/aws-sdk-go-v2/credentials v1.13.37/go.mod h1:ACLrdkd4CLZyXOghZ8IYumQbcooAcp2jo/s2xsFH8IM=
github.com/aws/aws-sdk-go-v2/credentials v1.13.38 h1:gDAuCdVlA4lmmgQhvpZlscwicloCqH44vkxLklGkQLA=
github.com/aws/aws-sdk-go-v2/credentials v1.13.38/go.mod h1:sD4G/Ybgp6s89mWIES3Xn97CsRLpxvz9uVSdv0UxY8I=
github.com/aws/aws-sdk-go-v2/credentials v1.13.39 h1:UnwBXDIHKDaejSXaRzKR57IdGCizk+z1DEhnsFpus7Q=
github.com/aws/aws-sdk-go-v2/credentials v1.13.39/go.mod h1:OJ9P239A90TnglJEF3qofKiNeEM6PCV/m+aNGV5WC24=
github.com/aws/aws-sdk-go-v2/credentials v1.13.40 h1:s8yOkDh+5b1jUDhMBtngF6zKWLDs84chUk2Vk0c38Og=
github.com/aws/aws-sdk-go-v2/credentials v1.13.40/go.mod h1:VtEHVAAqDWASwdOqj/1huyT6uHbs5s8FUHfDQdky/Rs=
github.com/aws/aws-sdk-go-v2/feature/ec2/imds v1.12.21 h1:j9wi1kQ8b+e0FBVHxCqCGo4kxDU175hoDHcWAi0sauU=
github.com/aws/aws-sdk-go-v2/feature/ec2/imds v1.12.21/go.mod h1:ugwW57Z5Z48bpvUyZuaPy4Kv+vEfJWnIrky7RmkBvJg=
github.com/aws/aws-sdk-go-v2/feature/ec2/imds v1.12.22 h1:3aMfcTmoXtTZnaT86QlVaYh+BRMbvrrmZwIQ5jWqCZQ=
github.com/aws/aws-sdk-go-v2/feature/ec2/imds v1.12.22/go.mod h1:YGSIJyQ6D6FjKMQh16hVFSIUD54L4F7zTGePqYMYYJU=
github.com/aws/aws-sdk-go-v2/feature/ec2/imds v1.12.23 h1:Kbiv9PGnQfG/imNI4L/heyUXvzKmcWSBeDvkrQz5pFc=
github.com/aws/aws-sdk-go-v2/feature/ec2/imds v1.12.23/go.mod h1:mOtmAg65GT1HIL/HT/PynwPbS+UG0BgCZ6vhkPqnxWo=
github.com/aws/aws-sdk-go-v2/feature/ec2/imds v1.12.24 h1:5qyqXASrX2zy5cTnoHHa4N2c3Lc94GH7gjnBP3GwKdU=
github.com/aws/aws-sdk-go-v2/feature/ec2/imds v1.12.24/go.mod h1:neYVaeKr5eT7BzwULuG2YbLhzWZ22lpjKdCybR7AXrQ=
github.com/aws/aws-sdk-go-v2/feature/ec2/imds v1.13.0 h1:/2Cb3SK3xVOQA7Xfr5nCWCo5H3UiNINtsVvVdk8sQqA=
github.com/aws/aws-sdk-go-v2/feature/ec2/imds v1.13.0/go.mod h1:neYVaeKr5eT7BzwULuG2YbLhzWZ22lpjKdCybR7AXrQ=
github.com/aws/aws-sdk-go-v2/feature/ec2/imds v1.13.1 h1:gt57MN3liKiyGopcqgNzJb2+d9MJaKT/q1OksHNXVE4=
github.com/aws/aws-sdk-go-v2/feature/ec2/imds v1.13.1/go.mod h1:lfUx8puBRdM5lVVMQlwt2v+ofiG/X6Ms+dy0UkG/kXw=
github.com/aws/aws-sdk-go-v2/feature/ec2/imds v1.13.2 h1:jOzQAesnBFDmz93feqKnsTHsXrlwWORNZMFHMV+WLFU=
github.com/aws/aws-sdk-go-v2/feature/ec2/imds v1.13.2/go.mod h1:cDh1p6XkSGSwSRIArWRc6+UqAQ7x4alQ0QfpVR6f+co=
github.com/aws/aws-sdk-go-v2/feature/ec2/imds v1.13.3 h1:jJPgroehGvjrde3XufFIJUZVK5A2L9a3KwSFgKy9n8w=
github.com/aws/aws-sdk-go-v2/feature/ec2/imds v1.13.3/go.mod h1:4Q0UFP0YJf0NrsEuEYHpM9fTSEVnD16Z3uyEF7J9JGM=
github.com/aws/aws-sdk-go-v2/feature/ec2/imds v1.13.4 h1:LxK/bitrAr4lnh9LnIS6i7zWbCOdMsfzKFBI6LUCS0I=
github.com/aws/aws-sdk-go-v2/feature/ec2/imds v1.13.4/go.mod h1:E1hLXN/BL2e6YizK1zFlYd8vsfi2GTjbjBazinMmeaM=
github.com/aws/aws-sdk-go-v2/feature/ec2/imds v1.13.5 h1:kP3Me6Fy3vdi+9uHd7YLr6ewPxRL+PU6y15urfTaamU=
github.com/aws/aws-sdk-go-v2/feature/ec2/imds v1.13.5/go.mod h1:Gj7tm95r+QsDoN2Fhuz/3npQvcZbkEf5mL70n3Xfluc=
github.com/aws/aws-sdk-go-v2/feature/ec2/imds v1.13.6 h1:kortK122LvTU34CGX/F9oJpelXKkEA2j/MW48II+8+8=
github.com/aws/aws-sdk-go-v2/feature/ec2/imds v1.13.6/go.mod h1:k7IPHyHNIASI0m0RwOmCjWOTtgG+J0raqwuHH8WhWJE=
github.com/aws/aws-sdk-go-v2/feature/ec2/imds v1.13.7 h1:X3H6+SU21x+76LRglk21dFRgMTJMa5QcpW+SqUf5BBg=
github.com/aws/aws-sdk-go-v2/feature/ec2/imds v1.13.7/go.mod h1:3we0V09SwcJBzNlnyovrR2wWJhWmVdqAsmVs4uronv8=
github.com/aws/aws-sdk-go-v2/feature/ec2/imds v1.13.8 h1:DK/9C+UN/X+1+Wm8pqaDksQr2tSLzq+8X1/rI/ZxKEQ=
github.com/aws/aws-sdk-go-v2/feature/ec2/imds v1.13.8/go.mod h1:ce7BgLQfYr5hQFdy67oX2svto3ufGtm6oBvmsHScI1Q=
github.com/aws/aws-sdk-go-v2/feature/ec2/imds v1.13.9 h1:DnNHcClgyFV5suHJ4axqhmG3YeRGgIu6yv29IEWR9aE=
github.com/aws/aws-sdk-go-v2/feature/ec2/imds v1.13.9/go.mod h1:kz0hzQXlc/5Y5mkbwTKX8A+aTRA45t8Aavly60bQzAQ=
github.com/aws/aws-sdk-go-v2/feature/ec2/imds v1.13.10 h1:mgOrtwYfJZ4e3QJe1TrliC/xIkauafGMdLLuCExOqcs=
github.com/aws/aws-sdk-go-v2/feature/ec2/imds v1.13.10/go.mod h1:wMsSLVM2hRpDVhd+3dtLUzqwm7/fjuhNN+b1aOLDt6g=
github.com/aws/aws-sdk-go-v2/feature/ec2/imds v1.13.11 h1:uDZJF1hu0EVT/4bogChk8DyjSF6fof6uL/0Y26Ma7Fg=
github.com/aws/aws-sdk-go-v2/feature/ec2/imds v1.13.11/go.mod h1:TEPP4tENqBGO99KwVpV9MlOX4NSrSLP8u3KRy2CDwA8=
github.com/aws/aws-sdk-go-v2/internal/configsources v1.1.27 h1:I3cakv2Uy1vNmmhRQmFptYDxOvBnwCdNwyw63N0RaRU=
github.com/aws/aws-sdk-go-v2/internal/configsources v1.1.27/go.mod h1:a1/UpzeyBBerajpnP5nGZa9mGzsBn5cOKxm6NWQsvoI=
github.com/aws/aws-sdk-go-v2/internal/configsources v1.1.28 h1:r+XwaCLpIvCKjBIYy/HVZujQS9tsz5ohHG3ZIe0wKoE=
github.com/aws/aws-sdk-go-v2/internal/configsources v1.1.28/go.mod h1:3lwChorpIM/BhImY/hy+Z6jekmN92cXGPI1QJasVPYY=
github.com/aws/aws-sdk-go-v2/internal/configsources v1.1.29 h1:9/aKwwus0TQxppPXFmf010DFrE+ssSbzroLVYINA+xE=
github.com/aws/aws-sdk-go-v2/internal/configsources v1.1.29/go.mod h1:Dip3sIGv485+xerzVv24emnjX5Sg88utCL8fwGmCeWg=
github.com/aws/aws-sdk-go-v2/internal/configsources v1.1.30 h1:y+8n9AGDjikyXoMBTRaHHHSaFEB8267ykmvyPodJfys=
github.com/aws/aws-sdk-go-v2/internal/configsources v1.1.30/go.mod h1:LUBAO3zNXQjoONBKn/kR1y0Q4cj/D02Ts0uHYjcCQLM=
github.com/aws/aws-sdk-go-v2/internal/configsources v1.1.31 h1:sJLYcS+eZn5EeNINGHSCRAwUJMFVqklwkH36Vbyai7M=
github.com/aws/aws-sdk-go-v2/internal/configsources v1.1.31/go.mod h1:QT0BqUvX1Bh2ABdTGnjqEjvjzrCfIniM9Sc8zn9Yndo=
github.com/aws/aws-sdk-go-v2/internal/configsources v1.1.32 h1:dpbVNUjczQ8Ae3QKHbpHBpfvaVkRdesxpTOe9pTouhU=
github.com/aws/aws-sdk-go-v2/internal/configsources v1.1.32/go.mod h1:RudqOgadTWdcS3t/erPQo24pcVEoYyqj/kKW5Vya21I=
github.com/aws/aws-sdk-go-v2/internal/configsources v1.1.33 h1:kG5eQilShqmJbv11XL1VpyDbaEJzWxd4zRiCG30GSn4=
github.com/aws/aws-sdk-go-v2/internal/configsources v1.1.33/go.mod h1:7i0PF1ME/2eUPFcjkVIwq+DOygHEoK92t5cDqNgYbIw=
github.com/aws/aws-sdk-go-v2/internal/configsources v1.1.34 h1:A5UqQEmPaCFpedKouS4v+dHCTUo2sKqhoKO9U5kxyWo=
github.com/aws/aws-sdk-go-v2/internal/configsources v1.1.34/go.mod h1:wZpTEecJe0Btj3IYnDx/VlUzor9wm3fJHyvLpQF0VwY=
github.com/aws/aws-sdk-go-v2/internal/configsources v1.1.35 h1:hMUCiE3Zi5AHrRNGf5j985u0WyqI6r2NULhUfo0N/No=
github.com/aws/aws-sdk-go-v2/internal/configsources v1.1.35/go.mod h1:ipR5PvpSPqIqL5Mi82BxLnfMkHVbmco8kUwO2xrCi0M=
github.com/aws/aws-sdk-go-v2/internal/configsources v1.1.36 h1:kbk81RlPoC6e4co7cQx2FAvH9TgbzxIqCqiosAFiB+w=
github.com/aws/aws-sdk-go-v2/internal/configsources v1.1.36/go.mod h1:T8Jsn/uNL/AFOXrVYQ1YQaN1r9gN34JU1855/Lyjv+o=
github.com/aws/aws-sdk-go-v2/internal/configsources v1.1.37 h1:zr/gxAZkMcvP71ZhQOcvdm8ReLjFgIXnIn0fw5AM7mo=
github.com/aws/aws-sdk-go-v2/internal/configsources v1.1.37/go.mod h1:Pdn4j43v49Kk6+82spO3Tu5gSeQXRsxo56ePPQAvFiA=
github.com/aws/aws-sdk-go-v2/internal/configsources v1.1.38 h1:c8ed/T9T2K5I+h/JzmF5tpI46+OODQ74dzmdo+QnaMg=
github.com/aws/aws-sdk-go-v2/internal/configsources v1.1.38/go.mod h1:qggunOChCMu9ZF/UkAfhTz25+U2rLVb3ya0Ua6TTfCA=
github.com/aws/aws-sdk-go-v2/internal/configsources v1.1.39 h1:OBokd2jreL7ItwqRRcN5QiSt24/i2r742aRsd2qMyeg=
github.com/aws/aws-sdk-go-v2/internal/configsources v1.1.39/go.mod h1:OLmjwglQh90dCcFJDGD+T44G0ToLH+696kRwRhS1KOU=
github.com/aws/aws-sdk-go-v2/internal/configsources v1.1.40 h1:CXceCS9BrDInRc74GDCQ8Qyk/Gp9VLdK+Rlve+zELSE=
github.com/aws/aws-sdk-go-v2/internal/configsources v1.1.40/go.mod h1:5kKmFhLeOVy6pwPDpDNA6/hK/d6URC98pqDDqHgdBx4=
github.com/aws/aws-sdk-go-v2/internal/configsources v1.1.41 h1:22dGT7PneFMx4+b3pz7lMTRyN8ZKH7M2cW4GP9yUS2g=
github.com/aws/aws-sdk-go-v2/internal/configsources v1.1.41/go.mod h1:CrObHAuPneJBlfEJ5T3szXOUkLEThaGfvnhTf33buas=
github.com/aws/aws-sdk-go-v2/internal/endpoints/v2 v2.4.21 h1:5NbbMrIzmUn/TXFqAle6mgrH5m9cOvMLRGL7pnG8tRE=
github.com/aws/aws-sdk-go-v2/internal/endpoints/v2 v2.4.21/go.mod h1:+Gxn8jYn5k9ebfHEqlhrMirFjSW0v0C9fI+KN5vk2kE=
github.com/aws/aws-sdk-go-v2/internal/endpoints/v2 v2.4.22 h1:7AwGYXDdqRQYsluvKFmWoqpcOQJ4bH634SkYf3FNj/A=
github.com/aws/aws-sdk-go-v2/internal/endpoints/v2 v2.4.22/go.mod h1:EqK7gVrIGAHyZItrD1D8B0ilgwMD1GiWAmbU4u/JHNk=
github.com/aws/aws-sdk-go-v2/internal/endpoints/v2 v2.4.23 h1:b/Vn141DBuLVgXbhRWIrl9g+ww7G+ScV5SzniWR13jQ=
github.com/aws/aws-sdk-go-v2/internal/endpoints/v2 v2.4.23/go.mod h1:mr6c4cHC+S/MMkrjtSlG4QA36kOznDep+0fga5L/fGQ=
github.com/aws/aws-sdk-go-v2/internal/endpoints/v2 v2.4.24 h1:r+Kv+SEJquhAZXaJ7G4u44cIwXV3f8K+N482NNAzJZA=
github.com/aws/aws-sdk-go-v2/internal/endpoints/v2 v2.4.24/go.mod h1:gAuCezX/gob6BSMbItsSlMb6WZGV7K2+fWOvk8xBSto=
github.com/aws/aws-sdk-go-v2/internal/endpoints/v2 v2.4.25 h1:1mnRASEKnkqsntcxHaysxwgVoUUp5dkiB+l3llKnqyg=
github.com/aws/aws-sdk-go-v2/internal/endpoints/v2 v2.4.25/go.mod h1:zBHOPwhBc3FlQjQJE/D3IfPWiWaQmT06Vq9aNukDo0k=
github.com/aws/aws-sdk-go-v2/internal/endpoints/v2 v2.4.26 h1:QH2kOS3Ht7x+u0gHCh06CXL/h6G8LQJFpZfFBYBNboo=
github.com/aws/aws-sdk-go-v2/internal/endpoints/v2 v2.4.26/go.mod h1:vq86l7956VgFr0/FWQ2BWnK07QC3WYsepKzy33qqY5U=
github.com/aws/aws-sdk-go-v2/internal/endpoints/v2 v2.4.27 h1:vFQlirhuM8lLlpI7imKOMsjdQLuN9CPi+k44F/OFVsk=
github.com/aws/aws-sdk-go-v2/internal/endpoints/v2 v2.4.27/go.mod h1:UrHnn3QV/d0pBZ6QBAEQcqFLf8FAzLmoUfPVIueOvoM=
github.com/aws/aws-sdk-go-v2/internal/endpoints/v2 v2.4.28 h1:srIVS45eQuewqz6fKKu6ZGXaq6FuFg5NzgQBAM6g8Y4=
github.com/aws/aws-sdk-go-v2/internal/endpoints/v2 v2.4.28/go.mod h1:7VRpKQQedkfIEXb4k52I7swUnZP0wohVajJMRn3vsUw=
github.com/aws/aws-sdk-go-v2/internal/endpoints/v2 v2.4.29 h1:yOpYx+FTBdpk/g+sBU6Cb1H0U/TLEcYYp66mYqsPpcc=
github.com/aws/aws-sdk-go-v2/internal/endpoints/v2 v2.4.29/go.mod h1:M/eUABlDbw2uVrdAn+UsI6M727qp2fxkp8K0ejcBDUY=
github.com/aws/aws-sdk-go-v2/internal/endpoints/v2 v2.4.30 h1:lMl8S5SB8jNCB+Sty2Em4lnu3IJytceHQd7qbmfqKL0=
github.com/aws/aws-sdk-go-v2/internal/endpoints/v2 v2.4.30/go.mod h1:v3GSCnFxbHzt9dlWBqvA1K1f9lmWuf4ztupZBCAIVs4=
github.com/aws/aws-sdk-go-v2/internal/endpoints/v2 v2.4.31 h1:0HCMIkAkVY9KMgueD8tf4bRTUanzEYvhw7KkPXIMpO0=
github.com/aws/aws-sdk-go-v2/internal/endpoints/v2 v2.4.31/go.mod h1:fTJDMe8LOFYtqiFFFeHA+SVMAwqLhoq0kcInYoLa9Js=
github.com/aws/aws-sdk-go-v2/internal/endpoints/v2 v2.4.32 h1:hNeAAymUY5gu11WrrmFb3CVIp9Dar9hbo44yzzcQpzA=
github.com/aws/aws-sdk-go-v2/internal/endpoints/v2 v2.4.32/go.mod h1:0ZXSqrty4FtQ7p8TEuRde/SZm9X05KT18LAUlR40Ln0=
github.com/aws/aws-sdk-go-v2/internal/endpoints/v2 v2.4.33 h1:gcRN6PXAo8w3HYFp2wFyr+WYEP4n/a25/IOhzJl36Yw=
github.com/aws/aws-sdk-go-v2/internal/endpoints/v2 v2.4.33/go.mod h1:S/zgOphghZAIvrbtvsVycoOncfqh1Hc4uGDIHqDLwTU=
github.com/aws/aws-sdk-go-v2/internal/endpoints/v2 v2.4.34 h1:B+nZtd22cbko5+793hg7LEaTeLMiZwlgCLUrN5Y0uzg=
github.com/aws/aws-sdk-go-v2/internal/endpoints/v2 v2.4.34/go.mod h1:RZP0scceAyhMIQ9JvFp7HvkpcgqjL4l/4C+7RAeGbuM=
github.com/aws/aws-sdk-go-v2/internal/endpoints/v2 v2.4.35 h1:SijA0mgjV8E+8G45ltVHs0fvKpTj8xmZJ3VwhGKtUSI=
github.com/aws/aws-sdk-go-v2/internal/endpoints/v2 v2.4.35/go.mod h1:SJC1nEVVva1g3pHAIdCp7QsRIkMmLAgoDquQ9Rr8kYw=
github.com/aws/aws-sdk-go-v2/internal/ini v1.3.28 h1:KeTxcGdNnQudb46oOl4d90f2I33DF/c6q3RnZAmvQdQ=
github.com/aws/aws-sdk-go-v2/internal/ini v1.3.28/go.mod h1:yRZVr/iT0AqyHeep00SZ4YfBAKojXz08w3XMBscdi0c=
github.com/aws/aws-sdk-go-v2/internal/ini v1.3.29 h1:J4xhFd6zHhdF9jPP0FQJ6WknzBboGMBNjKOv4iTuw4A=
github.com/aws/aws-sdk-go-v2/internal/ini v1.3.29/go.mod h1:TwuqRBGzxjQJIwH16/fOZodwXt2Zxa9/cwJC5ke4j7s=
github.com/aws/aws-sdk-go-v2/internal/ini v1.3.30 h1:IVx9L7YFhpPq0tTnGo8u8TpluFu7nAn9X3sUDMb11c0=
github.com/aws/aws-sdk-go-v2/internal/ini v1.3.30/go.mod h1:vsbq62AOBwQ1LJ/GWKFxX8beUEYeRp/Agitrxee2/qM=
github.com/aws/aws-sdk-go-v2/internal/ini v1.3.31 h1:hf+Vhp5WtTdcSdE+yEcUz8L73sAzN0R+0jQv+Z51/mI=
github.com/aws/aws-sdk-go-v2/internal/ini v1.3.31/go.mod h1:5zUjguZfG5qjhG9/wqmuyHRyUftl2B5Cp6NNxNC6kRA=
github.com/aws/aws-sdk-go-v2/internal/ini v1.3.32 h1:p5luUImdIqywn6JpQsW3tq5GNOxKmOnEpybzPx+d1lk=
github.com/aws/aws-sdk-go-v2/internal/ini v1.3.32/go.mod h1:XGhIBZDEgfqmFIugclZ6FU7v75nHhBDtzuB4xB/tEi4=
github.com/aws/aws-sdk-go-v2/internal/ini v1.3.33 h1:HbH1VjUgrCdLJ+4lnnuLI4iVNRvBbBELGaJ5f69ClA8=
github.com/aws/aws-sdk-go-v2/internal/ini v1.3.33/go.mod h1:zG2FcwjQarWaqXSCGpgcr3RSjZ6dHGguZSppUL0XR7Q=
github.com/aws/aws-sdk-go-v2/internal/ini v1.3.34 h1:gGLG7yKaXG02/jBlg210R7VgQIotiQntNhsCFejawx8=
github.com/aws/aws-sdk-go-v2/internal/ini v1.3.34/go.mod h1:Etz2dj6UHYuw+Xw830KfzCfWGMzqvUTCjUj5b76GVDc=
github.com/aws/aws-sdk-go-v2/internal/ini v1.3.35 h1:LWA+3kDM8ly001vJ1X1waCuLJdtTl48gwkPKWy9sosI=
github.com/aws/aws-sdk-go-v2/internal/ini v1.3.35/go.mod h1:0Eg1YjxE0Bhn56lx+SHJwCzhW+2JGtizsrx+lCqrfm0=
github.com/aws/aws-sdk-go-v2/internal/ini v1.3.36 h1:8r5m1BoAWkn0TDC34lUculryf7nUF25EgIMdjvGCkgo=
github.com/aws/aws-sdk-go-v2/internal/ini v1.3.36/go.mod h1:Rmw2M1hMVTwiUhjwMoIBFWFJMhvJbct06sSidxInkhY=
github.com/aws/aws-sdk-go-v2/internal/ini v1.3.37 h1:BXiqvN7WuV/pMhz8CivhO8cG8icJcjnjHumif4ukQ0c=
github.com/aws/aws-sdk-go-v2/internal/ini v1.3.37/go.mod h1:d4GZ62cjnz/hjKFdAu11gAwK73bdhqaFv2O4J1gaqIs=
github.com/aws/aws-sdk-go-v2/internal/ini v1.3.38 h1:+i1DOFrW3YZ3apE45tCal9+aDKK6kNEbW6Ib7e1nFxE=
github.com/aws/aws-sdk-go-v2/internal/ini v1.3.38/go.mod h1:1/jLp0OgOaWIetycOmycW+vYTYgTZFPttJQRgsI1PoU=
github.com/aws/aws-sdk-go-v2/internal/ini v1.3.39 h1:fc0ukRAiP1syoSGZYu+DaE+FulSYhTiJ8WpVu5jElU4=
github.com/aws/aws-sdk-go-v2/internal/ini v1.3.39/go.mod h1:WLAW8PT7+JhjZfLSWe7WEJaJu0GNo0cKc2Zyo003RBs=
github.com/aws/aws-sdk-go-v2/internal/ini v1.3.40 h1:glWaI8WyeYqQN4zh4zqogzSpNPj8rf11Nj+oE3ghQPw=
github.com/aws/aws-sdk-go-v2/internal/ini v1.3.40/go.mod h1:OCnFHzgaBY2PuGiHSzLlfqV4j5rJrky7YMfBXcx2Uk0=
github.com/aws/aws-sdk-go-v2/internal/ini v1.3.41 h1:EcSFdpLdkF3FWizimox0qYLuorn9e4PNMR27mvshGLs=
github.com/aws/aws-sdk-go-v2/internal/ini v1.3.41/go.mod h1:mKxUXW+TuwpCKKHVlmHGVVuBi9y9LKW8AiQodg23M5E=
github.com/aws/aws-sdk-go-v2/internal/ini v1.3.42 h1:GPUcE/Yq7Ur8YSUk6lVkoIMWnJNO0HT18GUzCWCgCI0=
github.com/aws/aws-sdk-go-v2/internal/ini v1.3.42/go.mod h1:rzfdUlfA+jdgLDmPKjd3Chq9V7LVLYo1Nz++Wb91aRo=
github.com/aws/aws-sdk-go-v2/internal/ini v1.3.43 h1:g+qlObJH4Kn4n21g69DjspU0hKTjWtq7naZ9OLCv0ew=
github.com/aws/aws-sdk-go-v2/internal/ini v1.3.43/go.mod h1:rzfdUlfA+jdgLDmPKjd3Chq9V7LVLYo1Nz++Wb91aRo=
github.com/aws/aws-sdk-go-v2/service/internal/presigned-url v1.9.21 h1:5C6XgTViSb0bunmU57b3CT+MhxULqHH2721FVA+/kDM=
github.com/aws/aws-sdk-go-v2/service/internal/presigned-url v1.9.21/go.mod h1:lRToEJsn+DRA9lW4O9L9+/3hjTkUzlzyzHqn8MTds5k=
github.com/aws/aws-sdk-go-v2/service/internal/presigned-url v1.9.22 h1:LjFQf8hFuMO22HkV5VWGLBvmCLBCLPivUAmpdpnp4Vs=
github.com/aws/aws-sdk-go-v2/service/internal/presigned-url v1.9.22/go.mod h1:xt0Au8yPIwYXf/GYPy/vl4K3CgwhfQMYbrH7DlUUIws=
github.com/aws/aws-sdk-go-v2/service/internal/presigned-url v1.9.23 h1:QoOybhwRfciWUBbZ0gp9S7XaDnCuSTeK/fySB99V1ls=
github.com/aws/aws-sdk-go-v2/service/internal/presigned-url v1.9.23/go.mod h1:9uPh+Hrz2Vn6oMnQYiUi/zbh3ovbnQk19YKINkQny44=
github.com/aws/aws-sdk-go-v2/service/internal/presigned-url v1.9.24 h1:c5qGfdbCHav6viBwiyDns3OXqhqAbGjfIB4uVu2ayhk=
github.com/aws/aws-sdk-go-v2/service/internal/presigned-url v1.9.24/go.mod h1:HMA4FZG6fyib+NDo5bpIxX1EhYjrAOveZJY2YR0xrNE=
github.com/aws/aws-sdk-go-v2/service/internal/presigned-url v1.9.25 h1:5LHn8JQ0qvjD9L9JhMtylnkcw7j05GDZqM9Oin6hpr0=
github.com/aws/aws-sdk-go-v2/service/internal/presigned-url v1.9.25/go.mod h1:/95IA+0lMnzW6XzqYJRpjjsAbKEORVeO0anQqjd2CNU=
github.com/aws/aws-sdk-go-v2/service/internal/presigned-url v1.9.26 h1:uUt4XctZLhl9wBE1L8lobU3bVN8SNUP7T+olb0bWBO4=
github.com/aws/aws-sdk-go-v2/service/internal/presigned-url v1.9.26/go.mod h1:Bd4C/4PkVGubtNe5iMXu5BNnaBi/9t/UsFspPt4ram8=
github.com/aws/aws-sdk-go-v2/service/internal/presigned-url v1.9.27 h1:0iKliEXAcCa2qVtRs7Ot5hItA2MsufrphbRFlz1Owxo=
github.com/aws/aws-sdk-go-v2/service/internal/presigned-url v1.9.27/go.mod h1:EOwBD4J4S5qYszS5/3DpkejfuK+Z5/1uzICfPaZLtqw=
github.com/aws/aws-sdk-go-v2/service/internal/presigned-url v1.9.28 h1:bkRyG4a929RCnpVSTvLM2j/T4ls015ZhhYApbmYs15s=
github.com/aws/aws-sdk-go-v2/service/internal/presigned-url v1.9.28/go.mod h1:jj7znCIg05jXlaGBlFMGP8+7UN3VtCkRBG2spnmRQkU=
github.com/aws/aws-sdk-go-v2/service/internal/presigned-url v1.9.29 h1:IiDolu/eLmuB18DRZibj77n1hHQT7z12jnGO7Ze3pLc=
github.com/aws/aws-sdk-go-v2/service/internal/presigned-url v1.9.29/go.mod h1:fDbkK4o7fpPXWn8YAPmTieAMuB9mk/VgvW64uaUqxd4=
github.com/aws/aws-sdk-go-v2/service/internal/presigned-url v1.9.30 h1:UcVZxLVNY4yayCmiG94Ge3l2qbc5WEB/oa4RmjoQEi0=
github.com/aws/aws-sdk-go-v2/service/internal/presigned-url v1.9.30/go.mod h1:wPffyJiWWtHwvpFyn23WjAjVjMnlQOQrl02+vutBh3Y=
github.com/aws/aws-sdk-go-v2/service/internal/presigned-url v1.9.31 h1:auGDJ0aLZahF5SPvkJ6WcUuX7iQ7kyl2MamV7Tm8QBk=
github.com/aws/aws-sdk-go-v2/service/internal/presigned-url v1.9.31/go.mod h1:3+lloe3sZuBQw1aBc5MyndvodzQlyqCZ7x1QPDHaWP4=
github.com/aws/aws-sdk-go-v2/service/internal/presigned-url v1.9.32 h1:dGAseBFEYxth10V23b5e2mAS+tX7oVbfYHD6dnDdAsg=
github.com/aws/aws-sdk-go-v2/service/internal/presigned-url v1.9.32/go.mod h1:4jwAWKEkCR0anWk5+1RbfSg1R5Gzld7NLiuaq5bTR/Y=
github.com/aws/aws-sdk-go-v2/service/internal/presigned-url v1.9.33 h1:cr70Hw6Lq9cqRst1y4YOHLiaVWaWtBPiqdloinNkfis=
github.com/aws/aws-sdk-go-v2/service/internal/presigned-url v1.9.33/go.mod h1:kcNtzCcEoflp+6e2CDTmm2h3xQGZOBZqYA/8DhYx/S8=
github.com/aws/aws-sdk-go-v2/service/internal/presigned-url v1.9.34 h1:JwvXk+1ePAD9xkFHprhHYqwsxLDcbNFsPI1IAT2sPS0=
github.com/aws/aws-sdk-go-v2/service/internal/presigned-url v1.9.34/go.mod h1:ytsF+t+FApY2lFnN51fJKPhH6ICKOPXKEcwwgmJEdWI=
github.com/aws/aws-sdk-go-v2/service/internal/presigned-url v1.9.35 h1:CdzPW9kKitgIiLV1+MHobfR5Xg25iYnyzWZhyQuSlDI=
github.com/aws/aws-sdk-go-v2/service/internal/presigned-url v1.9.35/go.mod h1:QGF2Rs33W5MaN9gYdEQOBBFPLwTZkEhRwI33f7KIG0o=
github.com/aws/aws-sdk-go-v2/service/sso v1.12.0 h1:/2gzjhQowRLarkkBOGPXSRnb8sQ2RVsjdG1C/UliK/c=
github.com/aws/aws-sdk-go-v2/service/sso v1.12.0/go.mod h1:wo/B7uUm/7zw/dWhBJ4FXuw1sySU5lyIhVg1Bu2yL9A=
github.com/aws/aws-sdk-go-v2/service/sso v1.12.1 h1:lQKN/LNa3qqu2cDOQZybP7oL4nMGGiFqob0jZJaR8/4=
github.com/aws/aws-sdk-go-v2/service/sso v1.12.1/go.mod h1:IgV8l3sj22nQDd5qcAGY0WenwCzCphqdbFOpfktZPrI=
github.com/aws/aws-sdk-go-v2/service/sso v1.12.2 h1:EN102fWY7hI5u/2FPheTrwwMHkSXfl49RYkeEnJsrCU=
github.com/aws/aws-sdk-go-v2/service/sso v1.12.2/go.mod h1:IgV8l3sj22nQDd5qcAGY0WenwCzCphqdbFOpfktZPrI=
github.com/aws/aws-sdk-go-v2/service/sso v1.12.3 h1:bUeZTWfF1vBdZnoNnnq70rB/CzdZD7NR2Jg2Ax+rvjA=
github.com/aws/aws-sdk-go-v2/service/sso v1.12.3/go.mod h1:jtLIhd+V+lft6ktxpItycqHqiVXrPIRjWIsFIlzMriw=
github.com/aws/aws-sdk-go-v2/service/sso v1.12.4 h1:qJdM48OOLl1FBSzI7ZrA1ZfLwOyCYqkXV5lko1hYDBw=
github.com/aws/aws-sdk-go-v2/service/sso v1.12.4/go.mod h1:jtLIhd+V+lft6ktxpItycqHqiVXrPIRjWIsFIlzMriw=
github.com/aws/aws-sdk-go-v2/service/sso v1.12.5 h1:bdKIX6SVF3nc3xJFw6Nf0igzS6Ff/louGq8Z6VP/3Hs=
github.com/aws/aws-sdk-go-v2/service/sso v1.12.5/go.mod h1:vuWiaDB30M/QTC+lI3Wj6S/zb7tpUK2MSYgy3Guh2L0=
github.com/aws/aws-sdk-go-v2/service/sso v1.12.6 h1:5V7DWLBd7wTELVz5bPpwzYy/sikk0gsgZfj40X+l5OI=
github.com/aws/aws-sdk-go-v2/service/sso v1.12.6/go.mod h1:Y1VOmit/Fn6Tz1uFAeCO6Q7M2fmfXSCLeL5INVYsLuY=
github.com/aws/aws-sdk-go-v2/service/sso v1.12.7 h1:rrYYhsvcvg6CDDoo4GHKtAWBFutS86CpmGvqHJHYL9w=
github.com/aws/aws-sdk-go-v2/service/sso v1.12.7/go.mod h1:GNIveDnP+aE3jujyUSH5aZ/rktsTM5EvtKnCqBZawdw=
github.com/aws/aws-sdk-go-v2/service/sso v1.12.8 h1:5cb3D6xb006bPTqEfCNaEA6PPEfBXxxy4NNeX/44kGk=
github.com/aws/aws-sdk-go-v2/service/sso v1.12.8/go.mod h1:GNIveDnP+aE3jujyUSH5aZ/rktsTM5EvtKnCqBZawdw=
github.com/aws/aws-sdk-go-v2/service/sso v1.12.10 h1:UBQjaMTCKwyUYwiVnUt6toEJwGXsLBI6al083tpjJzY=
github.com/aws/aws-sdk-go-v2/service/sso v1.12.10/go.mod h1:ouy2P4z6sJN70fR3ka3wD3Ro3KezSxU6eKGQI2+2fjI=
github.com/aws/aws-sdk-go-v2/service/sso v1.12.11 h1:cNrMc266RsZJ8V1u1OQQONKcf9HmfxQFqgcpY7ZJBhY=
github.com/aws/aws-sdk-go-v2/service/sso v1.12.11/go.mod h1:HuCOxYsF21eKrerARYO6HapNeh9GBNq7fius2AcwodY=
github.com/aws/aws-sdk-go-v2/service/sso v1.12.12 h1:nneMBM2p79PGWBQovYO/6Xnc2ryRMw3InnDJq1FHkSY=
github.com/aws/aws-sdk-go-v2/service/sso v1.12.12/go.mod h1:HuCOxYsF21eKrerARYO6HapNeh9GBNq7fius2AcwodY=
github.com/aws/aws-sdk-go-v2/service/sso v1.12.13 h1:sWDv7cMITPcZ21QdreULwxOOAmE05JjEsT6fCDtDA9k=
github.com/aws/aws-sdk-go-v2/service/sso v1.12.13/go.mod h1:DfX0sWuT46KpcqbMhJ9QWtxAIP1VozkDWf8VAkByjYY=
github.com/aws/aws-sdk-go-v2/service/sso v1.12.14 h1:gUjz7trfz9qBm0AlkKTvJHBXELi1wvw+2LA9GfD2AsM=
github.com/aws/aws-sdk-go-v2/service/sso v1.12.14/go.mod h1:9kfRdJgLCbnyeqZ/DpaSwcgj9ZDYLfRpe8Sze+NrYfQ=
github.com/aws/aws-sdk-go-v2/service/sso v1.13.0 h1:agnjK56/1jtGPehxV8QZ/AYHV++pEfl7CpYbWjHjBDc=
github.com/aws/aws-sdk-go-v2/service/sso v1.13.0/go.mod h1:TC9BubuFMVScIU+TLKamO6VZiYTkYoEHqlSQwAe2omw=
github.com/aws/aws-sdk-go-v2/service/sso v1.13.1 h1:DSNpSbfEgFXRV+IfEcKE5kTbqxm+MeF5WgyeRlsLnHY=
github.com/aws/aws-sdk-go-v2/service/sso v1.13.1/go.mod h1:TC9BubuFMVScIU+TLKamO6VZiYTkYoEHqlSQwAe2omw=
github.com/aws/aws-sdk-go-v2/service/sso v1.13.2 h1:A2RlEMo4SJSwbNoUUgkxTAEMduAy/8wG3eB2b2lP4gY=
github.com/aws/aws-sdk-go-v2/service/sso v1.13.2/go.mod h1:ju+nNXUunfIFamXUIZQiICjnO/TPlOmWcYhZcSy7xaE=
github.com/aws/aws-sdk-go-v2/service/sso v1.13.3 h1:nceOkYE0jmaG9CoyXHJJm00FAQ8JE+/LCKJJ06hH/Nc=
github.com/aws/aws-sdk-go-v2/service/sso v1.13.3/go.mod h1:DApEBnZzexe+LDLaNrGOJA8xtRMCpikLW1gX7jZhHxc=
github.com/aws/aws-sdk-go-v2/service/sso v1.13.4 h1:WZPZ7Zf6Yo13lsfTetFrLU/7hZ9CXESDpdIHvmLxQFQ=
github.com/aws/aws-sdk-go-v2/service/sso v1.13.4/go.mod h1:FP05hDXTLouXwAMQ1swqybHy7tHySblMkBMKSumaKg0=
github.com/aws/aws-sdk-go-v2/service/sso v1.13.5 h1:oCvTFSDi67AX0pOX3PuPdGFewvLRU2zzFSrTsgURNo0=
github.com/aws/aws-sdk-go-v2/service/sso v1.13.5/go.mod h1:fIAwKQKBFu90pBxx07BFOMJLpRUGu8VOzLJakeY+0K4=
github.com/aws/aws-sdk-go-v2/service/sso v1.13.6 h1:2PylFCfKCEDv6PeSN09pC/VUiRd10wi1VfHG5FrW0/g=
github.com/aws/aws-sdk-go-v2/service/sso v1.13.6/go.mod h1:fIAwKQKBFu90pBxx07BFOMJLpRUGu8VOzLJakeY+0K4=
github.com/aws/aws-sdk-go-v2/service/sso v1.14.0 h1:AR/hlTsCyk1CwlyKnPFvIMvnONydRjDDRT9OGb0i+/g=
github.com/aws/aws-sdk-go-v2/service/sso v1.14.0/go.mod h1:fIAwKQKBFu90pBxx07BFOMJLpRUGu8VOzLJakeY+0K4=
github.com/aws/aws-sdk-go-v2/service/sso v1.14.1 h1:YkNzx1RLS0F5qdf9v1Q8Cuv9NXCL2TkosOxhzlUPV64=
github.com/aws/aws-sdk-go-v2/service/sso v1.14.1/go.mod h1:fIAwKQKBFu90pBxx07BFOMJLpRUGu8VOzLJakeY+0K4=
github.com/aws/aws-sdk-go-v2/service/ssooidc v1.14.0 h1:Jfly6mRxk2ZOSlbCvZfKNS7TukSx1mIzhSsqZ/IGSZI=
github.com/aws/aws-sdk-go-v2/service/ssooidc v1.14.0/go.mod h1:TZSH7xLO7+phDtViY/KUp9WGCJMQkLJ/VpgkTFd5gh8=
github.com/aws/aws-sdk-go-v2/service/ssooidc v1.14.1 h1:0bLhH6DRAqox+g0LatcjGKjjhU6Eudyys6HB6DJVPj8=
github.com/aws/aws-sdk-go-v2/service/ssooidc v1.14.1/go.mod h1:O1YSOg3aekZibh2SngvCRRG+cRHKKlYgxf/JBF/Kr/k=
github.com/aws/aws-sdk-go-v2/service/ssooidc v1.14.2 h1:f1lmlce7r13CX1BPyPqt9oh/H+uqOWc9367lDoGGwNQ=
github.com/aws/aws-sdk-go-v2/service/ssooidc v1.14.2/go.mod h1:O1YSOg3aekZibh2SngvCRRG+cRHKKlYgxf/JBF/Kr/k=
github.com/aws/aws-sdk-go-v2/service/ssooidc v1.14.3 h1:G/+7NUi+q+H0LG3v32jfV4OkaQIcpI92g0owbXKk6NY=
github.com/aws/aws-sdk-go-v2/service/ssooidc v1.14.3/go.mod h1:zVwRrfdSmbRZWkUkWjOItY7SOalnFnq/Yg2LVPqDjwc=
github.com/aws/aws-sdk-go-v2/service/ssooidc v1.14.4 h1:YRkWXQveFb0tFC0TLktmmhGsOcCgLwvq88MC2al47AA=
github.com/aws/aws-sdk-go-v2/service/ssooidc v1.14.4/go.mod h1:zVwRrfdSmbRZWkUkWjOItY7SOalnFnq/Yg2LVPqDjwc=
github.com/aws/aws-sdk-go-v2/service/ssooidc v1.14.5 h1:xLPZMyuZ4GuqRCIec/zWuIhRFPXh2UOJdLXBSi64ZWQ=
github.com/aws/aws-sdk-go-v2/service/ssooidc v1.14.5/go.mod h1:QjxpHmCwAg0ESGtPQnLIVp7SedTOBMYy+Slr3IfMKeI=
github.com/aws/aws-sdk-go-v2/service/ssooidc v1.14.6 h1:B8cauxOH1W1v7rd8RdI/MWnoR4Ze0wIHWrb90qczxj4=
github.com/aws/aws-sdk-go-v2/service/ssooidc v1.14.6/go.mod h1:Lh/bc9XUf8CfOY6Jp5aIkQtN+j1mc+nExc+KXj9jx2s=
github.com/aws/aws-sdk-go-v2/service/ssooidc v1.14.7 h1:Vjpjt3svuJ/u+eKRfycZwqLsLoxyuvvZyHMJSk+3k58=
github.com/aws/aws-sdk-go-v2/service/ssooidc v1.14.7/go.mod h1:44qFP1g7pfd+U+sQHLPalAPKnyfTZjJsYR4xIwsJy5o=
github.com/aws/aws-sdk-go-v2/service/ssooidc v1.14.8 h1:NZaj0ngZMzsubWZbrEFSB4rgSQRbFq38Sd6KBxHuOIU=
github.com/aws/aws-sdk-go-v2/service/ssooidc v1.14.8/go.mod h1:44qFP1g7pfd+U+sQHLPalAPKnyfTZjJsYR4xIwsJy5o=
github.com/aws/aws-sdk-go-v2/service/ssooidc v1.14.10 h1:PkHIIJs8qvq0e5QybnZoG1K/9QTrLr9OsqCIo59jOBA=
github.com/aws/aws-sdk-go-v2/service/ssooidc v1.14.10/go.mod h1:AFvkxc8xfBe8XA+5St5XIHHrQQtkxqrRincx4hmMHOk=
github.com/aws/aws-sdk-go-v2/service/ssooidc v1.14.11 h1:h2VhtCE5PBiJefmlVCjJRSzBfFcQeAE10SXIGkXw1jQ=
github.com/aws/aws-sdk-go-v2/service/ssooidc v1.14.11/go.mod h1:E4VrHCPzmVB/KFXtqBGKb3c8zpbNBgKe3fisDNLAW5w=
github.com/aws/aws-sdk-go-v2/service/ssooidc v1.14.12 h1:2qTR7IFk7/0IN/adSFhYu9Xthr0zVFTgBrmPldILn80=
github.com/aws/aws-sdk-go-v2/service/ssooidc v1.14.12/go.mod h1:E4VrHCPzmVB/KFXtqBGKb3c8zpbNBgKe3fisDNLAW5w=
github.com/aws/aws-sdk-go-v2/service/ssooidc v1.14.13 h1:BFubHS/xN5bjl818QaroN6mQdjneYQ+AOx44KNXlyH4=
github.com/aws/aws-sdk-go-v2/service/ssooidc v1.14.13/go.mod h1:BzqsVVFduubEmzrVtUFQQIQdFqvUItF8XUq2EnS8Wog=
github.com/aws/aws-sdk-go-v2/service/ssooidc v1.14.14 h1:8bEtxV5UT9ucdWGXfZ7CM3caQhSHGjWnTHt0OeF7m7s=
github.com/aws/aws-sdk-go-v2/service/ssooidc v1.14.14/go.mod h1:nd9BG2UnexN2sDx/mk2Jd6pf3d2E61AiA8m8Fdvdx8Y=
github.com/aws/aws-sdk-go-v2/service/ssooidc v1.15.0 h1:g0Rr6COTBEaIG9TFQ0GmRkPWOGuDfySGSq2PlMcclrY=
github.com/aws/aws-sdk-go-v2/service/ssooidc v1.15.0/go.mod h1:XO/VcyoQ8nKyKfFW/3DMsRQXsfh/052tHTWmg3xBXRg=
github.com/aws/aws-sdk-go-v2/service/ssooidc v1.15.1 h1:hd0SKLMdOL/Sl6Z0np1PX9LeH2gqNtBe0MhTedA8MGI=
github.com/aws/aws-sdk-go-v2/service/ssooidc v1.15.1/go.mod h1:XO/VcyoQ8nKyKfFW/3DMsRQXsfh/052tHTWmg3xBXRg=
github.com/aws/aws-sdk-go-v2/service/ssooidc v1.15.2 h1:OJELEgyaT2kmaBGZ+myyZbTTLobfe3ox3FSh5eYK9Qs=
github.com/aws/aws-sdk-go-v2/service/ssooidc v1.15.2/go.mod h1:ubDBBaDFs1GHijSOTi8ljppML15GLG0HxhILtbjNNYQ=
github.com/aws/aws-sdk-go-v2/service/ssooidc v1.15.3 h1:90qW9puxI7LgmiYKSPhx6wz4XqgVauTxCyS3185+JpA=
github.com/aws/aws-sdk-go-v2/service/ssooidc v1.15.3/go.mod h1:kKpyLjToIS7E3z0672lBhxIPD+uoQ9V0MYRYCVGIkO0=
github.com/aws/aws-sdk-go-v2/service/ssooidc v1.15.4 h1:pYFM2U/3/4RLrlMSYXwL1XPBCWvaePk2p+0+i/BgHOs=
github.com/aws/aws-sdk-go-v2/service/ssooidc v1.15.4/go.mod h1:4pdlNASc29u0j9bq2jIQcBghG5Lx2oQAIj91vo1u1t8=
github.com/aws/aws-sdk-go-v2/service/ssooidc v1.15.5 h1:dnInJb4S0oy8aQuri1mV6ipLlnZPfnsDNB9BGO9PDNY=
github.com/aws/aws-sdk-go-v2/service/ssooidc v1.15.5/go.mod h1:yygr8ACQRY2PrEcy3xsUI357stq2AxnFM6DIsR9lij4=
github.com/aws/aws-sdk-go-v2/service/ssooidc v1.15.6 h1:pSB560BbVj9ZlJZF4WYj5zsytWHWKxg+NgyGV4B2L58=
github.com/aws/aws-sdk-go-v2/service/ssooidc v1.15.6/go.mod h1:yygr8ACQRY2PrEcy3xsUI357stq2AxnFM6DIsR9lij4=
github.com/aws/aws-sdk-go-v2/service/ssooidc v1.16.0 h1:vbgiXuhtn49+erlPrgIvQ+J32rg1HseaPf8lEpKbkxQ=
github.com/aws/aws-sdk-go-v2/service/ssooidc v1.16.0/go.mod h1:yygr8ACQRY2PrEcy3xsUI357stq2AxnFM6DIsR9lij4=
github.com/aws/aws-sdk-go-v2/service/ssooidc v1.17.0 h1:UniOmlPJelksyP5dGjfRoFTmLDy4/o0HH1lK2Op7zC8=
github.com/aws/aws-sdk-go-v2/service/ssooidc v1.17.0/go.mod h1:yygr8ACQRY2PrEcy3xsUI357stq2AxnFM6DIsR9lij4=
github.com/aws/aws-sdk-go-v2/service/ssooidc v1.17.1 h1:8lKOidPkmSmfUtiTgtdXWgaKItCZ/g75/jEk6Ql6GsA=
github.com/aws/aws-sdk-go-v2/service/ssooidc v1.17.1/go.mod h1:yygr8ACQRY2PrEcy3xsUI357stq2AxnFM6DIsR9lij4=
github.com/aws/aws-sdk-go-v2/service/sts v1.18.2 h1:J/4wIaGInCEYCGhTSruxCxeoA5cy91a+JT7cHFKFSHQ=
github.com/aws/aws-sdk-go-v2/service/sts v1.18.2/go.mod h1:+lGbb3+1ugwKrNTWcf2RT05Xmp543B06zDFTwiTLp7I=
github.com/aws/aws-sdk-go-v2/service/sts v1.18.3 h1:s49mSnsBZEXjfGBkRfmK+nPqzT7Lt3+t2SmAKNyHblw=
github.com/aws/aws-sdk-go-v2/service/sts v1.18.3/go.mod h1:b+psTJn33Q4qGoDaM7ZiOVVG8uVjGI6HaZ8WBHdgDgU=
github.com/aws/aws-sdk-go-v2/service/sts v1.18.4 h1:j0USUNbl9c/8tBJ8setEbwxc7wva0WyoeAaFRiyTUT8=
github.com/aws/aws-sdk-go-v2/service/sts v1.18.4/go.mod h1:1mKZHLLpDMHTNSYPJ7qrcnCQdHCWsNQaT0xRvq2u80s=
github.com/aws/aws-sdk-go-v2/service/sts v1.18.5 h1:L1600eLr0YvTT7gNh3Ni24yGI7NSHkq9Gp62vijPRCs=
github.com/aws/aws-sdk-go-v2/service/sts v1.18.5/go.mod h1:1mKZHLLpDMHTNSYPJ7qrcnCQdHCWsNQaT0xRvq2u80s=
github.com/aws/aws-sdk-go-v2/service/sts v1.18.6 h1:rIFn5J3yDoeuKCE9sESXqM5POTAhOP1du3bv/qTL+tE=
github.com/aws/aws-sdk-go-v2/service/sts v1.18.6/go.mod h1:48WJ9l3dwP0GSHWGc5sFGGlCkuA82Mc2xnw+T6Q8aDw=
github.com/aws/aws-sdk-go-v2/service/sts v1.18.7 h1:bWNgNdRko2x6gqa0blfATqAZKZokPIeM1vfmQt2pnvM=
github.com/aws/aws-sdk-go-v2/service/sts v1.18.7/go.mod h1:JuTnSoeePXmMVe9G8NcjjwgOKEfZ4cOjMuT2IBT/2eI=
github.com/aws/aws-sdk-go-v2/service/sts v1.18.8 h1:SQ8pPoXfzuz4DImO4KAi9xhO4ANG0Ckb5clZ5GoRAPw=
github.com/aws/aws-sdk-go-v2/service/sts v1.18.8/go.mod h1:yyW88BEPXA2fGFyI2KCcZC3dNpiT0CZAHaF+i656/tQ=
github.com/aws/aws-sdk-go-v2/service/sts v1.18.9 h1:Qf1aWwnsNkyAoqDqmdM3nHwN78XQjec27LjM6b9vyfI=
github.com/aws/aws-sdk-go-v2/service/sts v1.18.9/go.mod h1:yyW88BEPXA2fGFyI2KCcZC3dNpiT0CZAHaF+i656/tQ=
github.com/aws/aws-sdk-go-v2/service/sts v1.19.0 h1:2DQLAKDteoEDI8zpCzqBMaZlJuoE9iTYD0gFmXVax9E=
github.com/aws/aws-sdk-go-v2/service/sts v1.19.0/go.mod h1:BgQOMsg8av8jset59jelyPW7NoZcZXLVpDsXunGDrk8=
github.com/aws/aws-sdk-go-v2/service/sts v1.19.1 h1:ehPTnLR/es8TL1fpBfq8qw9cAwOpQr47fLmZD9yhHjk=
github.com/aws/aws-sdk-go-v2/service/sts v1.19.1/go.mod h1:dp0yLPsLBOi++WTxzCjA/oZqi6NPIhoR+uF7GeMU9eg=
github.com/aws/aws-sdk-go-v2/service/sts v1.19.2 h1:XFJ2Z6sNUUcAz9poj+245DMkrHE4h2j5I9/xD50RHfE=
github.com/aws/aws-sdk-go-v2/service/sts v1.19.2/go.mod h1:dp0yLPsLBOi++WTxzCjA/oZqi6NPIhoR+uF7GeMU9eg=
github.com/aws/aws-sdk-go-v2/service/sts v1.19.3 h1:e5mnydVdCVWxP+5rPAGi2PYxC7u2OZgH1ypC114H04U=
github.com/aws/aws-sdk-go-v2/service/sts v1.19.3/go.mod h1:yVGZA1CPkmUhBdA039jXNJJG7/6t+G+EBWmFq23xqnY=
github.com/aws/aws-sdk-go-v2/service/sts v1.20.0 h1:jKmIOO+dFvCPuIhhM8u0Dy3dtd590n2kEDSYiGHoI98=
github.com/aws/aws-sdk-go-v2/service/sts v1.20.0/go.mod h1:yVGZA1CPkmUhBdA039jXNJJG7/6t+G+EBWmFq23xqnY=
github.com/aws/aws-sdk-go-v2/service/sts v1.20.1 h1:U7h9CPoyMfVoN5jUglB0LglCMP10AK4vMBsbsCKM8Yw=
github.com/aws/aws-sdk-go-v2/service/sts v1.20.1/go.mod h1:BUHusg4cOA1TFGegj7x8/eoWrbdHzJfoMrXcbMQAG0k=
github.com/aws/aws-sdk-go-v2/service/sts v1.21.0 h1:HI1YIL5Q9FtucxF5tcNpzCEyLnkeUcqg6xtOx8u09S4=
github.com/aws/aws-sdk-go-v2/service/sts v1.21.0/go.mod h1:G8SbvL0rFk4WOJroU8tKBczhsbhj2p/YY7qeJezJ3CI=
github.com/aws/aws-sdk-go-v2/service/sts v1.21.1 h1:pAOJj+80tC8sPVgSDHzMYD6KLWsaLQ1kZw31PTeORbs=
github.com/aws/aws-sdk-go-v2/service/sts v1.21.1/go.mod h1:G8SbvL0rFk4WOJroU8tKBczhsbhj2p/YY7qeJezJ3CI=
github.com/aws/aws-sdk-go-v2/service/sts v1.21.2 h1:ympg1+Lnq33XLhcK/xTG4yZHPs1Oyxu+6DEWbl7qOzA=
github.com/aws/aws-sdk-go-v2/service/sts v1.21.2/go.mod h1:FQ/DQcOfESELfJi5ED+IPPAjI5xC6nxtSolVVB773jM=
github.com/aws/aws-sdk-go-v2/service/sts v1.21.3 h1:s3wBkMxfA/u2EJJl6KRsPcWv858lDHkhinqXyN6fkZI=
github.com/aws/aws-sdk-go-v2/service/sts v1.21.3/go.mod h1:b+y9zL57mwCRy6ftp9Nc7CONGHX3sZ50ZCLTrI5xpCc=
github.com/aws/aws-sdk-go-v2/service/sts v1.21.4 h1:zj4jxK3L54tGyqKleKDMK4vHolENxlq11dF0v1oBkJo=
github.com/aws/aws-sdk-go-v2/service/sts v1.21.4/go.mod h1:CQRMCzYvl5eeAQW3AWkRLS+zGGXCucBnsiQlrs+tCeo=
github.com/aws/aws-sdk-go-v2/service/sts v1.21.5 h1:CQBFElb0LS8RojMJlxRSo/HXipvTZW2S44Lt9Mk2aYQ=
github.com/aws/aws-sdk-go-v2/service/sts v1.21.5/go.mod h1:VC7JDqsqiwXukYEDjoHh9U0fOJtNWh04FPQz4ct4GGU=
github.com/aws/aws-sdk-go-v2/service/sts v1.22.0 h1:s4bioTgjSFRwOoyEFzAVCmFmoowBgjTR8gkrF/sQ4wk=
github.com/aws/aws-sdk-go-v2/service/sts v1.22.0/go.mod h1:VC7JDqsqiwXukYEDjoHh9U0fOJtNWh04FPQz4ct4GGU=
github.com/aws/smithy-go v1.13.5 h1:hgz0X/DX0dGqTYpGALqXJoRKRj5oQ7150i5FdTePzO8=
github.com/aws/smithy-go v1.13.5/go.mod h1:Tg+OJXh4MB2R/uN61Ko2f6hTZwB/ZYGOtib8J3gBHzA=
github.com/aws/smithy-go v1.14.0 h1:+X90sB94fizKjDmwb4vyl2cTTPXTE5E2G/1mjByb0io=
github.com/aws/smithy-go v1.14.0/go.mod h1:Tg+OJXh4MB2R/uN61Ko2f6hTZwB/ZYGOtib8J3gBHzA=
github.com/aws/smithy-go v1.14.1 h1:EFKMUmH/iHMqLiwoEDx2rRjRQpI1YCn5jTysoaDujFs=
github.com/aws/smithy-go v1.14.1/go.mod h1:Tg+OJXh4MB2R/uN61Ko2f6hTZwB/ZYGOtib8J3gBHzA=
github.com/aws/smithy-go v1.14.2 h1:MJU9hqBGbvWZdApzpvoF2WAIJDbtjK2NDJSiJP7HblQ=
github.com/aws/smithy-go v1.14.2/go.mod h1:Tg+OJXh4MB2R/uN61Ko2f6hTZwB/ZYGOtib8J3gBHzA=
github.com/cpuguy83/go-md2man/v2 v2.0.2/go.mod h1:tgQtvFlXSQOSOSIRvRPT7W67SCa46tRHOmNcaadrF8o=
github.com/davecgh/go-spew v1.1.0/go.mod h1:J7Y8YcW2NihsgmVo/mv3lAwl/skON4iLHjSsI+c5H38=
github.com/davecgh/go-spew v1.1.1 h1:vj9j/u1bqnvCEfJOwUhtlOARqs3+rkHYY13jYWTU97c=
github.com/davecgh/go-spew v1.1.1/go.mod h1:J7Y8YcW2NihsgmVo/mv3lAwl/skON4iLHjSsI+c5H38=
github.com/google/go-cmp v0.5.8 h1:e6P7q2lk1O+qJJb4BtCQXlK8vWEO8V1ZeuEdJNOqZyg=
github.com/google/go-cmp v0.5.8/go.mod h1:17dUlkBOakJ0+DkrSSNjCkIjxS6bF9zb3elmeNGIjoY=
github.com/inconshreveable/mousetrap v1.0.1/go.mod h1:vpF70FUmC8bwa3OWnCshd2FqLfsEA9PFc4w1p2J65bw=
github.com/inconshreveable/mousetrap v1.1.0 h1:wN+x4NVGpMsO7ErUn/mUI3vEoE6Jt13X2s0bqwp9tc8=
github.com/inconshreveable/mousetrap v1.1.0/go.mod h1:vpF70FUmC8bwa3OWnCshd2FqLfsEA9PFc4w1p2J65bw=
github.com/jmespath/go-jmespath v0.4.0/go.mod h1:T8mJZnbsbmF+m6zOOFylbeCJqk5+pHWvzYPziyZiYoo=
github.com/jmespath/go-jmespath/internal/testify v1.5.1/go.mod h1:L3OGu8Wl2/fWfCI6z80xFu9LTZmf1ZRjMHUOPmWr69U=
github.com/pmezard/go-difflib v1.0.0 h1:4DBwDE0NGyQoBHbLQYPwSUPoCMWR5BEzIk/f1lZbAQM=
github.com/pmezard/go-difflib v1.0.0/go.mod h1:iKH77koFhYxTK1pcRnkKkqfTogsbg7gZNVY4sRDYZ/4=
github.com/russross/blackfriday/v2 v2.1.0/go.mod h1:+Rmxgy9KzJVeS9/2gXHxylqXiyQDYRxCVz55jmeOWTM=
github.com/spf13/cobra v1.6.1 h1:o94oiPyS4KD1mPy2fmcYYHHfCxLqYjJOhGsCHFZtEzA=
github.com/spf13/cobra v1.6.1/go.mod h1:IOw/AERYS7UzyrGinqmz6HLUo219MORXGxhbaJUqzrY=
github.com/spf13/cobra v1.7.0 h1:hyqWnYt1ZQShIddO5kBpj3vu05/++x6tJ6dg8EC572I=
github.com/spf13/cobra v1.7.0/go.mod h1:uLxZILRyS/50WlhOIKD7W6V5bgeIt+4sICxh6uRMrb0=
github.com/spf13/pflag v1.0.5 h1:iy+VFUOCP1a+8yFto/drg2CJ5u0yRoB7fZw3DKv/JXA=
github.com/spf13/pflag v1.0.5/go.mod h1:McXfInJRrz4CZXVZOBLb0bTZqETkiAhM9Iw0y3An2Bg=
github.com/stretchr/objx v0.1.0/go.mod h1:HFkY916IF+rwdDfMAkV7OtwuqBVzrE8GR6GFx+wExME=
github.com/stretchr/objx v0.4.0/go.mod h1:YvHI0jy2hoMjB+UWwv71VJQ9isScKT/TqJzVSSt89Yw=
github.com/stretchr/objx v0.5.0/go.mod h1:Yh+to48EsGEfYuaHDzXPcE3xhTkx73EhmCGUpEOglKo=
github.com/stretchr/testify v1.7.1/go.mod h1:6Fq8oRcR53rry900zMqJjRRixrwX3KX962/h/Wwjteg=
github.com/stretchr/testify v1.8.0/go.mod h1:yNjHg4UonilssWZ8iaSj1OCr/vHnekPRkoO+kdMU+MU=
github.com/stretchr/testify v1.8.1 h1:w7B6lhMri9wdJUVmEZPGGhZzrYTPvgJArz7wNPgYKsk=
github.com/stretchr/testify v1.8.1/go.mod h1:w2LPCIKwWwSfY2zedu0+kehJoqGctiVI29o6fzry7u4=
github.com/stretchr/testify v1.8.2 h1:+h33VjcLVPDHtOdpUCuF+7gSuG3yGIftsP1YvFihtJ8=
github.com/stretchr/testify v1.8.2/go.mod h1:w2LPCIKwWwSfY2zedu0+kehJoqGctiVI29o6fzry7u4=
github.com/stretchr/testify v1.8.3 h1:RP3t2pwF7cMEbC1dqtB6poj3niw/9gnV4Cjg5oW5gtY=
github.com/stretchr/testify v1.8.3/go.mod h1:sz/lmYIOXD/1dqDmKjjqLyZ2RngseejIcXlSw2iwfAo=
github.com/stretchr/testify v1.8.4 h1:CcVxjf3Q8PM0mHUKJCdn+eZZtm5yQwehR5yeSVQQcUk=
github.com/stretchr/testify v1.8.4/go.mod h1:sz/lmYIOXD/1dqDmKjjqLyZ2RngseejIcXlSw2iwfAo=
gopkg.in/check.v1 v0.0.0-20161208181325-20d25e280405 h1:yhCVgyC4o1eVCa2tZl7eS0r+SDo693bJlVdllGtEeKM=
gopkg.in/check.v1 v0.0.0-20161208181325-20d25e280405/go.mod h1:Co6ibVJAznAaIkqp8huTwlJQCZ016jof/cbN4VW5Yz0=
gopkg.in/yaml.v2 v2.2.8/go.mod h1:hI93XBmqTisBFMUTm0b8Fm+jr3Dg1NNxqwp+5A1VGuI=
gopkg.in/yaml.v3 v3.0.0-20200313102051-9f266ea9e77c/go.mod h1:K4uyk7z7BCEPqu6E+C64Yfv1cQ7kz7rIZviUmN+EgEM=
gopkg.in/yaml.v3 v3.0.1 h1:fxVm/GzAzEWqLHuvctI91KS9hhNmmWOoWu0XTYJS7CA=
gopkg.in/yaml.v3 v3.0.1/go.mod h1:K4uyk7z7BCEPqu6E+C64Yfv1cQ7kz7rIZviUmN+EgEM=
